// !$*UTF8*$!
{
	archiveVersion = 1;
	classes = {
	};
	objectVersion = 46;
	objects = {

/* Begin PBXBuildFile section */
		D7535E7F1EB2810F005FC446 /* AppDelegate.swift in Sources */ = {isa = PBXBuildFile; fileRef = D7535E7E1EB2810F005FC446 /* AppDelegate.swift */; };
		D7535E811EB2810F005FC446 /* ViewController.swift in Sources */ = {isa = PBXBuildFile; fileRef = D7535E801EB2810F005FC446 /* ViewController.swift */; };
		D7535E841EB2810F005FC446 /* Main.storyboard in Resources */ = {isa = PBXBuildFile; fileRef = D7535E821EB2810F005FC446 /* Main.storyboard */; };
		D7535E861EB2810F005FC446 /* Assets.xcassets in Resources */ = {isa = PBXBuildFile; fileRef = D7535E851EB2810F005FC446 /* Assets.xcassets */; };
		D7535E891EB2810F005FC446 /* LaunchScreen.storyboard in Resources */ = {isa = PBXBuildFile; fileRef = D7535E871EB2810F005FC446 /* LaunchScreen.storyboard */; };
		D7C7CBAA1ECB8D3C006E1D4F /* LaunchScreen.swift in Sources */ = {isa = PBXBuildFile; fileRef = D7C7CBA91ECB8D3C006E1D4F /* LaunchScreen.swift */; };
		D7DE90571EB3CA0A00AA8EF4 /* NutshackViewController.swift in Sources */ = {isa = PBXBuildFile; fileRef = D7DE90561EB3CA0A00AA8EF4 /* NutshackViewController.swift */; };
		D7DE90591EB3CA1C00AA8EF4 /* SecondViewController.swift in Sources */ = {isa = PBXBuildFile; fileRef = D7DE90581EB3CA1C00AA8EF4 /* SecondViewController.swift */; };
/* End PBXBuildFile section */

/* Begin PBXFileReference section */
		D7535E7B1EB2810F005FC446 /* The Nutshack.app */ = {isa = PBXFileReference; explicitFileType = wrapper.application; includeInIndex = 0; path = "The Nutshack.app"; sourceTree = BUILT_PRODUCTS_DIR; };
		D7535E7E1EB2810F005FC446 /* AppDelegate.swift */ = {isa = PBXFileReference; lastKnownFileType = sourcecode.swift; path = AppDelegate.swift; sourceTree = "<group>"; };
		D7535E801EB2810F005FC446 /* ViewController.swift */ = {isa = PBXFileReference; lastKnownFileType = sourcecode.swift; path = ViewController.swift; sourceTree = "<group>"; };
		D7535E831EB2810F005FC446 /* Base */ = {isa = PBXFileReference; lastKnownFileType = file.storyboard; name = Base; path = Base.lproj/Main.storyboard; sourceTree = "<group>"; };
		D7535E851EB2810F005FC446 /* Assets.xcassets */ = {isa = PBXFileReference; lastKnownFileType = folder.assetcatalog; path = Assets.xcassets; sourceTree = "<group>"; };
		D7535E881EB2810F005FC446 /* Base */ = {isa = PBXFileReference; lastKnownFileType = file.storyboard; name = Base; path = Base.lproj/LaunchScreen.storyboard; sourceTree = "<group>"; };
		D7535E8A1EB2810F005FC446 /* Info.plist */ = {isa = PBXFileReference; lastKnownFileType = text.plist.xml; path = Info.plist; sourceTree = "<group>"; };
		D7C7CBA91ECB8D3C006E1D4F /* LaunchScreen.swift */ = {isa = PBXFileReference; fileEncoding = 4; lastKnownFileType = sourcecode.swift; path = LaunchScreen.swift; sourceTree = "<group>"; };
		D7DE90561EB3CA0A00AA8EF4 /* NutshackViewController.swift */ = {isa = PBXFileReference; fileEncoding = 4; lastKnownFileType = sourcecode.swift; path = NutshackViewController.swift; sourceTree = "<group>"; };
		D7DE90581EB3CA1C00AA8EF4 /* SecondViewController.swift */ = {isa = PBXFileReference; fileEncoding = 4; lastKnownFileType = sourcecode.swift; path = SecondViewController.swift; sourceTree = "<group>"; };
/* End PBXFileReference section */

/* Begin PBXFrameworksBuildPhase section */
		D7535E781EB2810F005FC446 /* Frameworks */ = {
			isa = PBXFrameworksBuildPhase;
			buildActionMask = 2147483647;
			files = (
			);
			runOnlyForDeploymentPostprocessing = 0;
		};
/* End PBXFrameworksBuildPhase section */

/* Begin PBXGroup section */
		D7535E721EB2810F005FC446 = {
			isa = PBXGroup;
			children = (
				D7535E7D1EB2810F005FC446 /* The Nutshack */,
				D7535E7C1EB2810F005FC446 /* Products */,
			);
			sourceTree = "<group>";
		};
		D7535E7C1EB2810F005FC446 /* Products */ = {
			isa = PBXGroup;
			children = (
				D7535E7B1EB2810F005FC446 /* The Nutshack.app */,
			);
			name = Products;
			sourceTree = "<group>";
		};
		D7535E7D1EB2810F005FC446 /* The Nutshack */ = {
			isa = PBXGroup;
			children = (
				D7535E7E1EB2810F005FC446 /* AppDelegate.swift */,
				D7535E801EB2810F005FC446 /* ViewController.swift */,
				D7DE90561EB3CA0A00AA8EF4 /* NutshackViewController.swift */,
				D7DE90581EB3CA1C00AA8EF4 /* SecondViewController.swift */,
				D7535E821EB2810F005FC446 /* Main.storyboard */,
				D7535E851EB2810F005FC446 /* Assets.xcassets */,
				D7535E871EB2810F005FC446 /* LaunchScreen.storyboard */,
				D7C7CBA91ECB8D3C006E1D4F /* LaunchScreen.swift */,
				D7535E8A1EB2810F005FC446 /* Info.plist */,
			);
			path = "The Nutshack";
			sourceTree = "<group>";
		};
/* End PBXGroup section */

/* Begin PBXNativeTarget section */
		D7535E7A1EB2810F005FC446 /* The Nutshack */ = {
			isa = PBXNativeTarget;
			buildConfigurationList = D7535E8D1EB2810F005FC446 /* Build configuration list for PBXNativeTarget "The Nutshack" */;
			buildPhases = (
				D7535E771EB2810F005FC446 /* Sources */,
				D7535E781EB2810F005FC446 /* Frameworks */,
				D7535E791EB2810F005FC446 /* Resources */,
			);
			buildRules = (
			);
			dependencies = (
			);
			name = "The Nutshack";
			productName = "The Nutshack";
			productReference = D7535E7B1EB2810F005FC446 /* The Nutshack.app */;
			productType = "com.apple.product-type.application";
		};
/* End PBXNativeTarget section */

/* Begin PBXProject section */
		D7535E731EB2810F005FC446 /* Project object */ = {
			isa = PBXProject;
			attributes = {
				LastSwiftUpdateCheck = 0830;
				LastUpgradeCheck = 0830;
				ORGANIZATIONNAME = "John Hersey High School";
				TargetAttributes = {
					D7535E7A1EB2810F005FC446 = {
						CreatedOnToolsVersion = 8.3.2;
						DevelopmentTeam = 4WTDJJ56S9;
						ProvisioningStyle = Automatic;
					};
				};
			};
			buildConfigurationList = D7535E761EB2810F005FC446 /* Build configuration list for PBXProject "The Nutshack" */;
			compatibilityVersion = "Xcode 3.2";
			developmentRegion = English;
			hasScannedForEncodings = 0;
			knownRegions = (
				en,
				Base,
			);
			mainGroup = D7535E721EB2810F005FC446;
			productRefGroup = D7535E7C1EB2810F005FC446 /* Products */;
			projectDirPath = "";
			projectRoot = "";
			targets = (
				D7535E7A1EB2810F005FC446 /* The Nutshack */,
			);
		};
/* End PBXProject section */

/* Begin PBXResourcesBuildPhase section */
		D7535E791EB2810F005FC446 /* Resources */ = {
			isa = PBXResourcesBuildPhase;
			buildActionMask = 2147483647;
			files = (
				D7535E891EB2810F005FC446 /* LaunchScreen.storyboard in Resources */,
				D7535E861EB2810F005FC446 /* Assets.xcassets in Resources */,
				D7535E841EB2810F005FC446 /* Main.storyboard in Resources */,
			);
			runOnlyForDeploymentPostprocessing = 0;
		};
/* End PBXResourcesBuildPhase section */

/* Begin PBXSourcesBuildPhase section */
		D7535E771EB2810F005FC446 /* Sources */ = {
			isa = PBXSourcesBuildPhase;
			buildActionMask = 2147483647;
			files = (
				D7DE90591EB3CA1C00AA8EF4 /* SecondViewController.swift in Sources */,
				D7DE90571EB3CA0A00AA8EF4 /* NutshackViewController.swift in Sources */,
				D7C7CBAA1ECB8D3C006E1D4F /* LaunchScreen.swift in Sources */,
				D7535E811EB2810F005FC446 /* ViewController.swift in Sources */,
				D7535E7F1EB2810F005FC446 /* AppDelegate.swift in Sources */,
			);
			runOnlyForDeploymentPostprocessing = 0;
		};
/* End PBXSourcesBuildPhase section */

/* Begin PBXVariantGroup section */
		D7535E821EB2810F005FC446 /* Main.storyboard */ = {
			isa = PBXVariantGroup;
			children = (
				D7535E831EB2810F005FC446 /* Base */,
			);
			name = Main.storyboard;
			sourceTree = "<group>";
		};
		D7535E871EB2810F005FC446 /* LaunchScreen.storyboard */ = {
			isa = PBXVariantGroup;
			children = (
				D7535E881EB2810F005FC446 /* Base */,
			);
			name = LaunchScreen.storyboard;
			sourceTree = "<group>";
		};
/* End PBXVariantGroup section */

/* Begin XCBuildConfiguration section */
		D7535E8B1EB2810F005FC446 /* Debug */ = {
			isa = XCBuildConfiguration;
			buildSettings = {
				ALWAYS_SEARCH_USER_PATHS = NO;
				CLANG_ANALYZER_NONNULL = YES;
				CLANG_ANALYZER_NUMBER_OBJECT_CONVERSION = YES_AGGRESSIVE;
				CLANG_CXX_LANGUAGE_STANDARD = "gnu++0x";
				CLANG_CXX_LIBRARY = "libc++";
				CLANG_ENABLE_MODULES = YES;
				CLANG_ENABLE_OBJC_ARC = YES;
				CLANG_WARN_BOOL_CONVERSION = YES;
				CLANG_WARN_CONSTANT_CONVERSION = YES;
				CLANG_WARN_DIRECT_OBJC_ISA_USAGE = YES_ERROR;
				CLANG_WARN_DOCUMENTATION_COMMENTS = YES;
				CLANG_WARN_EMPTY_BODY = YES;
				CLANG_WARN_ENUM_CONVERSION = YES;
				CLANG_WARN_INFINITE_RECURSION = YES;
				CLANG_WARN_INT_CONVERSION = YES;
				CLANG_WARN_OBJC_ROOT_CLASS = YES_ERROR;
				CLANG_WARN_SUSPICIOUS_MOVE = YES;
				CLANG_WARN_UNREACHABLE_CODE = YES;
				CLANG_WARN__DUPLICATE_METHOD_MATCH = YES;
				"CODE_SIGN_IDENTITY[sdk=iphoneos*]" = "iPhone Developer";
				COPY_PHASE_STRIP = NO;
				DEBUG_INFORMATION_FORMAT = dwarf;
				ENABLE_STRICT_OBJC_MSGSEND = YES;
				ENABLE_TESTABILITY = YES;
				GCC_C_LANGUAGE_STANDARD = gnu99;
				GCC_DYNAMIC_NO_PIC = NO;
				GCC_NO_COMMON_BLOCKS = YES;
				GCC_OPTIMIZATION_LEVEL = 0;
				GCC_PREPROCESSOR_DEFINITIONS = (
					"DEBUG=1",
					"$(inherited)",
				);
				GCC_WARN_64_TO_32_BIT_CONVERSION = YES;
				GCC_WARN_ABOUT_RETURN_TYPE = YES_ERROR;
				GCC_WARN_UNDECLARED_SELECTOR = YES;
				GCC_WARN_UNINITIALIZED_AUTOS = YES_AGGRESSIVE;
				GCC_WARN_UNUSED_FUNCTION = YES;
				GCC_WARN_UNUSED_VARIABLE = YES;
				IPHONEOS_DEPLOYMENT_TARGET = 10.3;
				MTL_ENABLE_DEBUG_INFO = YES;
				ONLY_ACTIVE_ARCH = YES;
				SDKROOT = iphoneos;
				SWIFT_ACTIVE_COMPILATION_CONDITIONS = DEBUG;
				SWIFT_OPTIMIZATION_LEVEL = "-Onone";
				TARGETED_DEVICE_FAMILY = "1,2";
			};
			name = Debug;
		};
		D7535E8C1EB2810F005FC446 /* Release */ = {
			isa = XCBuildConfiguration;
			buildSettings = {
				ALWAYS_SEARCH_USER_PATHS = NO;
				CLANG_ANALYZER_NONNULL = YES;
				CLANG_ANALYZER_NUMBER_OBJECT_CONVERSION = YES_AGGRESSIVE;
				CLANG_CXX_LANGUAGE_STANDARD = "gnu++0x";
				CLANG_CXX_LIBRARY = "libc++";
				CLANG_ENABLE_MODULES = YES;
				CLANG_ENABLE_OBJC_ARC = YES;
				CLANG_WARN_BOOL_CONVERSION = YES;
				CLANG_WARN_CONSTANT_CONVERSION = YES;
				CLANG_WARN_DIRECT_OBJC_ISA_USAGE = YES_ERROR;
				CLANG_WARN_DOCUMENTATION_COMMENTS = YES;
				CLANG_WARN_EMPTY_BODY = YES;
				CLANG_WARN_ENUM_CONVERSION = YES;
				CLANG_WARN_INFINITE_RECURSION = YES;
				CLANG_WARN_INT_CONVERSION = YES;
				CLANG_WARN_OBJC_ROOT_CLASS = YES_ERROR;
				CLANG_WARN_SUSPICIOUS_MOVE = YES;
				CLANG_WARN_UNREACHABLE_CODE = YES;
				CLANG_WARN__DUPLICATE_METHOD_MATCH = YES;
				"CODE_SIGN_IDENTITY[sdk=iphoneos*]" = "iPhone Developer";
				COPY_PHASE_STRIP = NO;
				DEBUG_INFORMATION_FORMAT = "dwarf-with-dsym";
				ENABLE_NS_ASSERTIONS = NO;
				ENABLE_STRICT_OBJC_MSGSEND = YES;
				GCC_C_LANGUAGE_STANDARD = gnu99;
				GCC_NO_COMMON_BLOCKS = YES;
				GCC_WARN_64_TO_32_BIT_CONVERSION = YES;
				GCC_WARN_ABOUT_RETURN_TYPE = YES_ERROR;
				GCC_WARN_UNDECLARED_SELECTOR = YES;
				GCC_WARN_UNINITIALIZED_AUTOS = YES_AGGRESSIVE;
				GCC_WARN_UNUSED_FUNCTION = YES;
				GCC_WARN_UNUSED_VARIABLE = YES;
				IPHONEOS_DEPLOYMENT_TARGET = 10.3;
				MTL_ENABLE_DEBUG_INFO = NO;
				SDKROOT = iphoneos;
				SWIFT_OPTIMIZATION_LEVEL = "-Owholemodule";
				TARGETED_DEVICE_FAMILY = "1,2";
				VALIDATE_PRODUCT = YES;
			};
			name = Release;
		};
		D7535E8E1EB2810F005FC446 /* Debug */ = {
			isa = XCBuildConfiguration;
			buildSettings = {
				ASSETCATALOG_COMPILER_APPICON_NAME = AppIcon;
				DEVELOPMENT_TEAM = 4WTDJJ56S9;
				INFOPLIST_FILE = "The Nutshack/Info.plist";
				LD_RUNPATH_SEARCH_PATHS = "$(inherited) @executable_path/Frameworks";
				PRODUCT_BUNDLE_IDENTIFIER = "org.jhhs.The-Nutshack";
				PRODUCT_NAME = "$(TARGET_NAME)";
				SWIFT_VERSION = 3.0;
			};
			name = Debug;
		};
		D7535E8F1EB2810F005FC446 /* Release */ = {
			isa = XCBuildConfiguration;
			buildSettings = {
				ASSETCATALOG_COMPILER_APPICON_NAME = AppIcon;
				DEVELOPMENT_TEAM = 4WTDJJ56S9;
				INFOPLIST_FILE = "The Nutshack/Info.plist";
				LD_RUNPATH_SEARCH_PATHS = "$(inherited) @executable_path/Frameworks";
				PRODUCT_BUNDLE_IDENTIFIER = "org.jhhs.The-Nutshack";
				PRODUCT_NAME = "$(TARGET_NAME)";
				SWIFT_VERSION = 3.0;
			};
			name = Release;
		};
/* End XCBuildConfiguration section */

/* Begin XCConfigurationList section */
		D7535E761EB2810F005FC446 /* Build configuration list for PBXProject "The Nutshack" */ = {
			isa = XCConfigurationList;
			buildConfigurations = (
				D7535E8B1EB2810F005FC446 /* Debug */,
				D7535E8C1EB2810F005FC446 /* Release */,
			);
			defaultConfigurationIsVisible = 0;
			defaultConfigurationName = Release;
		};
		D7535E8D1EB2810F005FC446 /* Build configuration list for PBXNativeTarget "The Nutshack" */ = {
			isa = XCConfigurationList;
			buildConfigurations = (
				D7535E8E1EB2810F005FC446 /* Debug */,
				D7535E8F1EB2810F005FC446 /* Release */,
			);
			defaultConfigurationIsVisible = 0;
			defaultConfigurationName = Release;
		};
/* End XCConfigurationList section */
	};
	rootObject = D7535E731EB2810F005FC446 /* Project object */;
}
